
Microsoft Visual Studio Solution File, Format Version 12.00
# Visual Studio Version 17
VisualStudioVersion = 17.3.32922.545
MinimumVisualStudioVersion = 10.0.40219.1
Project("{8BC9CEB8-8B4A-11D0-8D11-00A0C91BC942}") = "Arpeggi", "Arpeggi\Arpeggi.vcxproj", "{D3CE3C93-C138-44A4-9113-2EC093130795}"
EndProject
Global
	GlobalSection(SolutionConfigurationPlatforms) = preSolution
		Debug|x64 = Debug|x64
		Debug|x86 = Debug|x86
		Release|x64 = Release|x64
		Release|x86 = Release|x86
	EndGlobalSection
	GlobalSection(ProjectConfigurationPlatforms) = postSolution
		{D3CE3C93-C138-44A4-9113-2EC093130795}.Debug|x64.ActiveCfg = Debug|x64
		{D3CE3C93-C138-44A4-9113-2EC093130795}.Debug|x64.Build.0 = Debug|x64
		{D3CE3C93-C138-44A4-9113-2EC093130795}.Debug|x86.ActiveCfg = Debug|Win32
		{D3CE3C93-C138-44A4-9113-2EC093130795}.Debug|x86.Build.0 = Debug|Win32
		{D3CE3C93-C138-44A4-9113-2EC093130795}.Release|x64.ActiveCfg = Release|x64
		{D3CE3C93-C138-44A4-9113-2EC093130795}.Release|x64.Build.0 = Release|x64
		{D3CE3C93-C138-44A4-9113-2EC093130795}.Release|x86.ActiveCfg = Release|Win32
		{D3CE3C93-C138-44A4-9113-2EC093130795}.Release|x86.Build.0 = Release|Win32
	EndGlobalSection
	GlobalSection(SolutionProperties) = preSolution
		HideSolutionNode = FALSE
	EndGlobalSection
	GlobalSection(ExtensibilityGlobals) = postSolution
		SolutionGuid = {08209534-0DEF-4D28-8CE0-434F4A216FF6}
	EndGlobalSection
EndGlobal
